# This file is autogenerated, do not edit; changes may be undone by the next 'dep ensure'.


[[projects]]
  digest = "1:9f3b30d9f8e0d7040f729b82dcbc8f0dead820a133b3147ce355fc451f32d761"
  name = "github.com/BurntSushi/toml"
  packages = ["."]
  pruneopts = "UT"
  revision = "3012a1dbe2e4bd1391d42b32f0577cb7bbc7f005"
  version = "v0.3.1"

[[projects]]
  digest = "1:18fca7f682febe8a0f74f7d63408993043ad68a1566671ecafc1e35a59eca6b4"
  name = "github.com/OpenPeeDeeP/depguard"
  packages = ["."]
  pruneopts = "UT"
  revision = "2c5871f4f2dd78afab3c5075f292cdadb1f1d2d8"
  version = "v1.0.1"

[[projects]]
  digest = "1:b2f84797d0200ef5efadfd2ecfcc56deacd8de202bdc7874a7b6ba8d268c182d"
  name = "github.com/bombsimon/wsl"
  packages = ["."]
  pruneopts = "UT"
  revision = "ba0588374a7ee2a3c00a6f5912f3e269009b2953"
  version = "v3.1.0"

[[projects]]
  digest = "1:ffe9824d294da03b391f44e1ae8281281b4afc1bdaa9588c9097785e3af10cec"
  name = "github.com/davecgh/go-spew"
  packages = ["spew"]
  pruneopts = "UT"
  revision = "8991bc29aa16c548c550c7ff78260e27b9ab7c73"
  version = "v1.1.1"

[[projects]]
  digest = "1:bde2a1ce1de28312f165a88926c12f4acd19dc4d7da96a445dfa5a29eae07a93"
  name = "github.com/fatih/color"
  packages = ["."]
  pruneopts = "UT"
  revision = "daf2830f2741ebb735b21709a520c5f37d642d85"
  version = "v1.9.0"

[[projects]]
  digest = "1:80057945464ffb5b0da1f026beb8df0e8dbd098eaf771a349291bed2cd29a83e"
  name = "github.com/fsnotify/fsnotify"
  packages = ["."]
  pruneopts = "UT"
  revision = "45d7d09e39ef4ac08d493309fa031790c15bfe8a"
  version = "v1.4.9"

[[projects]]
  digest = "1:502cbeec96f4c31454d94a203733b7afb75cc5c9fd6294dba8243ced9a1be641"
  name = "github.com/go-critic/go-critic"
  packages = [
    "checkers",
    "checkers/internal/lintutil",
  ]
  pruneopts = "UT"
  revision = "8c5f841b8da991adf9c0ad591bd1f28a99209c24"
  version = "v0.4.3"

[[projects]]
  digest = "1:f12f53369294649f9d5046d1e8a40187ad36584201a9e1a135bf44589df1deb8"
  name = "github.com/go-lintpack/lintpack"
  packages = [
    ".",
    "astwalk",
  ]
  pruneopts = "UT"
  revision = "80adc0715ac409128d0b7212719896ad8d3444b7"
  version = "v0.5.2"

[[projects]]
  digest = "1:b9a8d81ce273b216a3ad70ff95d98179ec2f5392523a9a305b3e38c70ca9d361"
  name = "github.com/go-toolsmith/astcast"
  packages = ["."]
  pruneopts = "UT"
  revision = "a6cb19f07b66b859a53f3f2be6e4c3bba892db7e"
  version = "v1.0.0"

[[projects]]
  digest = "1:bd091673b35859ad8f831a5b3c961805e108be72d0778b9d07fd383e59ab4287"
  name = "github.com/go-toolsmith/astcopy"
  packages = ["."]
  pruneopts = "UT"
  revision = "245af3020944a15e09072c8ad3883c1451d1fdef"
  version = "v1.0.0"

[[projects]]
  digest = "1:db8123e0896cf805cb30c7bacad0b1a1d562edbbcd2a765ceda1af926c9a99a4"
  name = "github.com/go-toolsmith/astequal"
  packages = ["."]
  pruneopts = "UT"
  revision = "dcb477bfacd6e00a13c6d63bfc73db28dd343160"
  version = "v1.0.0"

[[projects]]
  digest = "1:1ef70bd4e2d06e76470c3cb43b89020201dcb0b4a409d9a961df77cfaf5ae3a8"
  name = "github.com/go-toolsmith/astfmt"
  packages = ["."]
  pruneopts = "UT"
  revision = "0d74c731079884bda287cf8df9ce7b92e688af8c"
  version = "v1.0.0"

[[projects]]
  digest = "1:f2def520d33d9ba100161b0d2101f98b2104e62bafd3e45ae5deca271ac84000"
  name = "github.com/go-toolsmith/astp"
  packages = ["."]
  pruneopts = "UT"
  revision = "6373270dee65bfb0479f2acd16d4c8e9d5db13f8"
  version = "v1.0.0"

[[projects]]
  digest = "1:aba9fa7c6dacad505e95d984ec0b07f6b5a4691ed2f4ff36c7b732b3704627a3"
  name = "github.com/go-toolsmith/strparse"
  packages = ["."]
  pruneopts = "UT"
  revision = "830b6daa1241714c12a9b9a4a56849fe2f93aedc"
  version = "v1.0.0"

[[projects]]
  digest = "1:a51f9845b0dec6e372e229395e019cab7c032711c6ca3ec1895a58bfdf760962"
  name = "github.com/go-toolsmith/typep"
  packages = ["."]
  pruneopts = "UT"
  revision = "cab1745ffd84a567b524317c7f90e96755b18fcf"
  version = "v1.0.0"

[[projects]]
  digest = "1:9ae31ce33b4bab257668963e844d98765b44160be4ee98cafc44637a213e530d"
  name = "github.com/gobwas/glob"
  packages = [
    ".",
    "compiler",
    "match",
    "syntax",
    "syntax/ast",
    "syntax/lexer",
    "util/runes",
    "util/strings",
  ]
  pruneopts = "UT"
  revision = "5ccd90ef52e1e632236f7326478d4faa74f99438"
  version = "v0.2.3"

[[projects]]
  digest = "1:d7b2d6ad2a9768bb5c9e3bfa4d9ceaa635ca2737cca288507986f116fa4b8da2"
  name = "github.com/gofrs/flock"
  packages = ["."]
  pruneopts = "UT"
  revision = "392e7fae8f1b0bdbd67dad7237d23f618feb6dbb"
  version = "v0.7.1"

[[projects]]
  digest = "1:582e25eccee928dc12416ea4c23b6dae8f3b5687730632aa1473ebebe80a2359"
  name = "github.com/gogo/protobuf"
  packages = [
    "proto",
    "sortkeys",
  ]
  pruneopts = "UT"
  revision = "5628607bb4c51c3157aacc3a50f0ab707582b805"
  version = "v1.3.1"

[[projects]]
  branch = "master"
  digest = "1:1ba1d79f2810270045c328ae5d674321db34e3aae468eb4233883b473c5c0467"
  name = "github.com/golang/glog"
  packages = ["."]
  pruneopts = "UT"
  revision = "23def4e6c14b4da8ac2ed8007337bc5eb5007998"

[[projects]]
  digest = "1:0314772c6631bb25d46f0b6a46bed7145e359cbb7411db99682a3b0d1d0cd00f"
  name = "github.com/golang/protobuf"
  packages = [
    "proto",
    "ptypes",
    "ptypes/any",
    "ptypes/duration",
    "ptypes/timestamp",
  ]
  pruneopts = "UT"
  revision = "d23c5127dc24889085f8ccea5c9d560a57a879d8"
  version = "v1.3.3"

[[projects]]
  branch = "master"
  digest = "1:c173565780edcf5d43c5f983be0e9085266764465422d4ad230355abd2e0d252"
  name = "github.com/golangci/check"
  packages = [
    "cmd/structcheck",
    "cmd/varcheck",
  ]
  pruneopts = "UT"
  revision = "cfe4005ccda277a820149d44d6ededc400cc99a2"

[[projects]]
  branch = "master"
  digest = "1:efb8cf3f0c2f47844104d6e879fc77d846649df794e378cae50e749fad1bb1dc"
  name = "github.com/golangci/dupl"
  packages = [
    ".",
    "job",
    "printer",
    "suffixtree",
    "syntax",
    "syntax/golang",
  ]
  pruneopts = "UT"
  revision = "3e9179ac440a0386ac7cc9a085fc44397c6b9bbc"

[[projects]]
  branch = "master"
  digest = "1:f1761ff12ebf63f70390733f5804434f9b323996816cb9cddbb7041279872bcb"
  name = "github.com/golangci/errcheck"
  packages = [
    "golangci",
    "internal/errcheck",
  ]
  pruneopts = "UT"
  revision = "ef45e06d44b6e018d817c16c762d448990adc5e0"

[[projects]]
  branch = "master"
  digest = "1:f63d85b6e551b6c8aa3ed2e42b64db15f5b525bdb01fa36af18288f1de4c859b"
  name = "github.com/golangci/go-misc"
  packages = ["deadcode"]
  pruneopts = "UT"
  revision = "927a3d87b613e9f6f0fb7ef8bb8de8b83c30a5a2"

[[projects]]
  branch = "master"
  digest = "1:e1b9fbecb1d985f291dbca59767070fe899f38d1b40f7e9433f9a42b7fb3bd4e"
  name = "github.com/golangci/goconst"
  packages = ["."]
  pruneopts = "UT"
  revision = "041c5f2b40f3dd334a4a6ee6a3f84ca3fc70680a"

[[projects]]
  branch = "master"
  digest = "1:431fd101ab780d1916262a582e241d01cbcbca10f7d85ebdd4ba339b8485483e"
  name = "github.com/golangci/gocyclo"
  packages = ["pkg/gocyclo"]
  pruneopts = "UT"
  revision = "0a533e8fa43d6605069e94f455bf9d79d4b8ea8c"

[[projects]]
  branch = "master"
  digest = "1:591fcf7c9c4942bff2c32f76a248efa735067fdd7ac5c4571ecd4b71534f3542"
  name = "github.com/golangci/gofmt"
  packages = [
    "gofmt",
    "goimports",
  ]
  pruneopts = "UT"
  revision = "244bba706f1af52a02a156282f7473162611fba1"

[[projects]]
  digest = "1:31897ecdbdd0a416aef4ed57875556903db2389f821e68a9e7931eadf985c1bc"
  name = "github.com/golangci/golangci-lint"
  packages = [
    "cmd/golangci-lint",
    "internal/cache",
    "internal/errorutil",
    "internal/pkgcache",
    "internal/renameio",
    "internal/robustio",
    "pkg/commands",
    "pkg/config",
    "pkg/exitcodes",
    "pkg/fsutils",
    "pkg/golinters",
    "pkg/golinters/goanalysis",
    "pkg/golinters/goanalysis/load",
    "pkg/goutil",
    "pkg/lint",
    "pkg/lint/linter",
    "pkg/lint/lintersdb",
    "pkg/logutils",
    "pkg/packages",
    "pkg/printers",
    "pkg/report",
    "pkg/result",
    "pkg/result/processors",
    "pkg/timeutils",
  ]
  pruneopts = "UT"
  revision = "645e79404d82daf769881148422db5b511bbc34f"
  version = "v1.21.0"

[[projects]]
  branch = "master"
  digest = "1:3a5ea92f78579dfd319260ce995575c07890c8aff429035637287a00da664647"
  name = "github.com/golangci/ineffassign"
  packages = ["."]
  pruneopts = "UT"
  revision = "2ee8f2867dde308c46d401d6d30f6c644094b167"

[[projects]]
  branch = "master"
  digest = "1:3919f284dcb91eca214603fb11ba9a9d5b020975b577b2c85c541ac3d40fa114"
  name = "github.com/golangci/lint-1"
  packages = ["."]
  pruneopts = "UT"
  revision = "d2cdd8c0821928c61cb0903441f8b35457a98a61"

[[projects]]
  branch = "master"
  digest = "1:8665edfb3c5371fbac9820d127fa0d9aed813cc2349a27a7d16064dd89fed146"
  name = "github.com/golangci/maligned"
  packages = ["."]
  pruneopts = "UT"
  revision = "b1d89398deca2fd3f8578e5a9551e819bd01ca5f"

[[projects]]
  digest = "1:73dfedbcb6b348638ef0066766a9e7d8f6cfc5cfcb3a8e00ceb631a4bca73cf1"
  name = "github.com/golangci/misspell"
  packages = ["."]
  pruneopts = "UT"
  revision = "b90dc15cfd220ecf8bbc9043ecb928cef381f011"
  version = "v0.3.4"

[[projects]]
  branch = "master"
  digest = "1:6bc38b03a76ac4ce44482b437c6a31ec441e494abd271d63722f99ac2e7e9e80"
  name = "github.com/golangci/prealloc"
  packages = ["."]
  pruneopts = "UT"
  revision = "215b22d4de21190b80ce05e7d8466677c1aa3223"

[[projects]]
  branch = "master"
  digest = "1:6bea17ec2cee4996145d70cffbee98330adc2bfc24107373953a250abca159ff"
  name = "github.com/golangci/revgrep"
  packages = ["."]
  pruneopts = "UT"
  revision = "276a5c0a103935ee65af49afc254a65335bf1fcf"

[[projects]]
  branch = "master"
  digest = "1:c553e7c7483f2d6db1e84a27a18df144ed4041792d7556916369f86ccf5409fe"
  name = "github.com/golangci/unconvert"
  packages = ["."]
  pruneopts = "UT"
  revision = "28b1c447d1f4a810737ee6ab40ea6c1d0ceae4ad"

[[projects]]
  digest = "1:38ec74012390146c45af1f92d46e5382b50531247929ff3a685d2b2be65155ac"
  name = "github.com/gomodule/redigo"
  packages = [
    "internal",
    "redis",
  ]
  pruneopts = "UT"
  revision = "9c11da706d9b7902c6da69c592f75637793fe121"
  version = "v2.0.0"

[[projects]]
  digest = "1:0bfbe13936953a98ae3cfe8ed6670d396ad81edf069a806d2f6515d7bb6950df"
  name = "github.com/google/btree"
  packages = ["."]
  pruneopts = "UT"
  revision = "4030bb1f1f0c35b30ca7009e9ebd06849dd45306"
  version = "v1.0.0"

[[projects]]
  digest = "1:a840b166971a2e76fcc4fbafaa181ea109b92d461e7f9b608a49b70be2765bac"
  name = "github.com/google/gofuzz"
  packages = ["."]
  pruneopts = "UT"
  revision = "db92cf7ae75e4a7a28abc005addab2b394362888"
  version = "v1.1.0"

[[projects]]
  digest = "1:e35285db21b7d730a52b891a959783e567ca516ea64f2748070f1f917fbccd82"
  name = "github.com/googleapis/gnostic"
  packages = [
    "OpenAPIv2",
    "compiler",
    "extensions",
  ]
  pruneopts = "UT"
  revision = "99384834bf8c58ce7ab88db353283bedcb53e1ca"
  version = "v0.4.0"

[[projects]]
  digest = "1:25ebe6496abb289ef977c081b2d49f56dd97c32db4ca083d37f95923909ced02"
  name = "github.com/gorilla/mux"
  packages = ["."]
  pruneopts = "UT"
  revision = "75dcda0896e109a2a22c9315bca3bb21b87b2ba5"
  version = "v1.7.4"

[[projects]]
  digest = "1:a57138775ae71ef8973f4bc1e4cb61ced7c90d5c320741649e55e915f650c5bf"
  name = "github.com/gostaticanalysis/analysisutil"
  packages = ["."]
  pruneopts = "UT"
  revision = "e9ecfa28cf23ff7e55a7e64f1b2620d5350abd17"
  version = "v0.0.3"

[[projects]]
  branch = "master"
  digest = "1:5fc0e23b254a1bd7d8d2d42fa093ba33471d08f52fe04afd3713adabb5888dc3"
  name = "github.com/gregjones/httpcache"
  packages = [
    ".",
    "diskcache",
  ]
  pruneopts = "UT"
  revision = "901d90724c7919163f472a9812253fb26761123d"

[[projects]]
  digest = "1:e631368e174090a276fc00b48283f92ac4ccfbbb1945bcfcee083f5f9210dc00"
  name = "github.com/hashicorp/golang-lru"
  packages = [
    ".",
    "simplelru",
  ]
  pruneopts = "UT"
  revision = "14eae340515388ca95aa8e7b86f0de668e981f54"
  version = "v0.5.4"

[[projects]]
  digest = "1:c0d19ab64b32ce9fe5cf4ddceba78d5bc9807f0016db6b1183599da3dcc24d10"
  name = "github.com/hashicorp/hcl"
  packages = [
    ".",
    "hcl/ast",
    "hcl/parser",
    "hcl/printer",
    "hcl/scanner",
    "hcl/strconv",
    "hcl/token",
    "json/parser",
    "json/scanner",
    "json/token",
  ]
  pruneopts = "UT"
  revision = "8cb6e5b959231cc1119e43259c4a608f9c51a241"
  version = "v1.0.0"

[[projects]]
  digest = "1:78d28d5b84a26159c67ea51996a230da4bc07cac648adaae1dfb5fc0ec8e40d3"
  name = "github.com/imdario/mergo"
  packages = ["."]
  pruneopts = "UT"
  revision = "1afb36080aec31e0d1528973ebe6721b191b0369"
  version = "v0.3.8"

[[projects]]
  digest = "1:870d441fe217b8e689d7949fef6e43efbc787e50f200cb1e70dbca9204a1d6be"
  name = "github.com/inconshreveable/mousetrap"
  packages = ["."]
  pruneopts = "UT"
  revision = "76626ae9c91c4f2a10f34cad8ce83ea42c93bb75"
  version = "v1.0"

[[projects]]
  digest = "1:7cd2924a44ecf80a319cfa2378529fabd348d011b739fb4eccc565f65e3296c4"
  name = "github.com/json-iterator/go"
  packages = ["."]
  pruneopts = "UT"
  revision = "acfec88f7a0d5140ace3dcdbee10184e3684a9e1"
  version = "v1.1.9"

[[projects]]
  digest = "1:e30ac47ee84d7d354e0a284cf742e3015400667e90aa3d6ae99c7a55da67c645"
  name = "github.com/kennygrant/sanitize"
  packages = ["."]
  pruneopts = "UT"
  revision = "06ec0d0dbcd497d01e5189b16f5263f712e61a8e"
  version = "v1.2.4"

[[projects]]
  digest = "1:15ec2166e33ef6c60b344a04d050eec79193517e7f5082b6233b2d09ef0d10b8"
  name = "github.com/kisielk/gotool"
  packages = [
    ".",
    "internal/load",
  ]
  pruneopts = "UT"
  revision = "80517062f582ea3340cd4baf70e86d539ae7d84d"
  version = "v1.0.0"

[[projects]]
  digest = "1:31e761d97c76151dde79e9d28964a812c46efc5baee4085b86f68f0c654450de"
  name = "github.com/konsorten/go-windows-terminal-sequences"
  packages = ["."]
  pruneopts = "UT"
  revision = "f55edac94c9bbba5d6182a4be46d86a2c9b5b50e"
  version = "v1.0.2"

[[projects]]
  digest = "1:5a0ef768465592efca0412f7e838cdc0826712f8447e70e6ccc52eb441e9ab13"
  name = "github.com/magiconair/properties"
  packages = ["."]
  pruneopts = "UT"
  revision = "de8848e004dd33dc07a2947b3d76f618a7fc7ef1"
  version = "v1.8.1"

[[projects]]
  digest = "1:a80d521dc8bdc604bd31211086a0afa8188f469c2d2b9ae601ebce0e28938b8f"
  name = "github.com/matoous/godox"
  packages = ["."]
  pruneopts = "UT"
  revision = "5d6d842e92eb27a4e7c1dde98f378a13d9208d57"
  version = "v1.0"

[[projects]]
  digest = "1:0109cf4321a15313ec895f42e723e1f76121c6975ea006abfa20012272ec0937"
  name = "github.com/mattn/go-colorable"
  packages = ["."]
  pruneopts = "UT"
  revision = "68e95eba382c972aafde02ead2cd2426a8a92480"
  version = "v0.1.6"

[[projects]]
  digest = "1:0c58d31abe2a2ccb429c559b6292e7df89dcda675456fecc282fa90aa08273eb"
  name = "github.com/mattn/go-isatty"
  packages = ["."]
  pruneopts = "UT"
  revision = "7b513a986450394f7bbf1476909911b3aa3a55ce"
  version = "v0.0.12"

[[projects]]
  digest = "1:eb1bffab7260bf5ddc95fc2c41d4bfee1a4f5fe18194b3946fe8a9e9121a282f"
  name = "github.com/mattn/go-runewidth"
  packages = ["."]
  pruneopts = "UT"
  revision = "a4df4ddbff020e131056d91f580a1cdcd806e3ae"
  version = "v0.0.8"

[[projects]]
  digest = "1:5d231480e1c64a726869bc4142d270184c419749d34f167646baa21008eb0a79"
  name = "github.com/mitchellh/go-homedir"
  packages = ["."]
  pruneopts = "UT"
  revision = "af06845cf3004701891bf4fdb884bfe4920b3727"
  version = "v1.1.0"

[[projects]]
  digest = "1:6ea2d98ba8ae7c06a918970661b744be5d1a385c40917b9c317e9a4f2c36ac6f"
  name = "github.com/mitchellh/mapstructure"
  packages = ["."]
  pruneopts = "UT"
  revision = "694aaefbc689be1915c2ef39e880409057931a94"
  version = "v1.2.2"

[[projects]]
  digest = "1:33422d238f147d247752996a26574ac48dcf472976eda7f5134015f06bf16563"
  name = "github.com/modern-go/concurrent"
  packages = ["."]
  pruneopts = "UT"
  revision = "bacd9c7ef1dd9b15be4a9909b8ac7a4e313eec94"
  version = "1.0.3"

[[projects]]
  digest = "1:e32bdbdb7c377a07a9a46378290059822efdce5c8d96fe71940d87cb4f918855"
  name = "github.com/modern-go/reflect2"
  packages = ["."]
  pruneopts = "UT"
  revision = "4b7aa43c6742a2c18fdef89dd197aaae7dac7ccd"
  version = "1.0.1"

[[projects]]
  digest = "1:66b0a65aba488ca6c72f77132d5b8d7e2c5baf07d577dee64502b69a2c90c791"
  name = "github.com/nbutton23/zxcvbn-go"
  packages = [
    ".",
    "adjacency",
    "data",
    "entropy",
    "frequency",
    "match",
    "matching",
    "scoring",
    "utils/math",
  ]
  pruneopts = "UT"
  revision = "eafdab6b0663b4b528c35975c8b0e78be6e25261"
  version = "v0.1"

[[projects]]
  digest = "1:b8261a46d75566ebf5b4fb6bb762f54f47e6633e0995118393afc80bb1f428f5"
  name = "github.com/olekukonko/tablewriter"
  packages = ["."]
  pruneopts = "UT"
  revision = "876dd0e0227ec99c0243b639b92139915b65331a"
  version = "v0.0.4"

[[projects]]
  branch = "master"
  digest = "1:65bdf6f7119085c3d929f327e0577a681be70dc00606593eac9238429da1b099"
  name = "github.com/open-cluster-management/multicloud-operators-foundation"
  packages = [
    "pkg/apis/mcm",
    "pkg/apis/mcm/v1alpha1",
    "pkg/apis/mcm/v1beta1",
    "pkg/client/clientset_generated/clientset",
    "pkg/client/clientset_generated/clientset/scheme",
    "pkg/client/clientset_generated/clientset/typed/mcm/v1alpha1",
    "pkg/client/clientset_generated/clientset/typed/mcm/v1beta1",
  ]
  pruneopts = "UT"
  revision = "a50b4f7493fc3f26e716eb842522eb3335b87855"

[[projects]]
  branch = "master"
  digest = "1:30cde77cd780edb149de29a2f9c0a8588ac5523c3c0789e4403a088b7cf0aa69"
  name = "github.com/openshift/api"
  packages = ["config/v1"]
  pruneopts = "UT"
  revision = "585af27e34fd9db26ec411ba276fe2a378ef69d7"

[[projects]]
  digest = "1:df33b848632163885eaa50084ff09ad238f5ff44408b6de77d2a7c5464c43f66"
  name = "github.com/openshift/hive"
  packages = [
    "pkg/apis/hive/v1",
    "pkg/apis/hive/v1/aws",
    "pkg/apis/hive/v1/azure",
    "pkg/apis/hive/v1/baremetal",
    "pkg/apis/hive/v1/gcp",
    "pkg/client/clientset-generated/clientset",
    "pkg/client/clientset-generated/clientset/scheme",
    "pkg/client/clientset-generated/clientset/typed/hive/v1",
  ]
  pruneopts = "UT"
  revision = "b30a64113b55e008fd7f93941a57342307ba6fdc"
  version = "v1.0.0"

[[projects]]
  digest = "1:1d835d5c3153aceef96c2d58866edde1aa70e25339831cff07b1e47456410e5c"
  name = "github.com/pelletier/go-toml"
  packages = ["."]
  pruneopts = "UT"
  revision = "8e8d2a6aad23fcaa64716c5fa6975ec3abbf8281"
  version = "v1.7.0"

[[projects]]
  branch = "master"
  digest = "1:89da0f0574bc94cfd0ac8b59af67bf76cdd110d503df2721006b9f0492394333"
  name = "github.com/petar/GoLLRB"
  packages = ["llrb"]
  pruneopts = "UT"
  revision = "33fb24c13b99c46c93183c291836c573ac382536"

[[projects]]
  digest = "1:a8c2725121694dfbf6d552fb86fe6b46e3e7135ea05db580c28695b916162aad"
  name = "github.com/peterbourgon/diskv"
  packages = ["."]
  pruneopts = "UT"
  revision = "0be1b92a6df0e4f5cb0a5d15fb7f643d0ad93ce6"
  version = "v3.0.0"

[[projects]]
  digest = "1:9e1d37b58d17113ec3cb5608ac0382313c5b59470b94ed97d0976e69c7022314"
  name = "github.com/pkg/errors"
  packages = ["."]
  pruneopts = "UT"
  revision = "614d223910a179a466c1767a985424175c39b465"
  version = "v0.9.1"

[[projects]]
  digest = "1:0028cb19b2e4c3112225cd871870f2d9cf49b9b4276531f03438a88e94be86fe"
  name = "github.com/pmezard/go-difflib"
  packages = ["difflib"]
  pruneopts = "UT"
  revision = "792786c7400a136282c1664665ae0a8db921c6c2"
  version = "v1.0.0"

[[projects]]
  digest = "1:9f2274c5b59022dffa96f9a7ee5ca5554eebfe054fa60dd11dd75caeb62c475f"
  name = "github.com/quasilyte/go-ruleguard"
  packages = [
    "internal/mvdan.cc/gogrep",
    "ruleguard",
    "ruleguard/typematch",
  ]
  pruneopts = "UT"
  revision = "6f1c145d89757c3b0984c1a119a2571503fdee8d"
  version = "v0.1.1"

[[projects]]
  digest = "1:cb253bc08709af634170e03228a845a0f69af8d972166c17385787d8b668653d"
  name = "github.com/redislabs/redisgraph-go"
  packages = ["."]
  pruneopts = "UT"
  revision = "0d6a4659a1b54d5789de6bdfcb4bb69bfe873ad1"

[[projects]]
  digest = "1:e498ce88c485300b3b80e904ff8b96cd7e638d4ad2a6c37291807bd9400f009d"
  name = "github.com/securego/gosec"
  packages = [
    ".",
    "rules",
  ]
  pruneopts = "UT"
  revision = "17df5b3702448a88cab19e4452cdaf7bdb6e6d8e"
  version = "v2.2.0"

[[projects]]
  digest = "1:0599141a8403114d34f1e546604ad6c5361b70dfa80e80c635f438cdbf71b43a"
  name = "github.com/sirupsen/logrus"
  packages = ["."]
  pruneopts = "UT"
  revision = "d417be0fe654de640a82370515129985b407c7e3"
  version = "v1.5.0"

[[projects]]
  digest = "1:f0be8922b4a34a3e07caef4c8bcb9377713af6edf3b7cb9ded42f095b7994374"
  name = "github.com/sourcegraph/go-diff"
  packages = ["diff"]
  pruneopts = "UT"
  revision = "042635e6444e67483d777aaa240274f13691500c"
  version = "v0.5.1"

[[projects]]
  digest = "1:bb495ec276ab82d3dd08504bbc0594a65de8c3b22c6f2aaa92d05b73fbf3a82e"
  name = "github.com/spf13/afero"
  packages = [
    ".",
    "mem",
  ]
  pruneopts = "UT"
  revision = "588a75ec4f32903aa5e39a2619ba6a4631e28424"
  version = "v1.2.2"

[[projects]]
  digest = "1:ff4cd55a3666b6ea3a876c9e133bfb54d6c812e725409a773f2c94a0b3a92f4f"
  name = "github.com/spf13/cast"
  packages = ["."]
  pruneopts = "UT"
  revision = "1ffadf551085444af981432dd0f6d1160c11ec64"
  version = "v1.3.1"

[[projects]]
  digest = "1:f6adcf4df6c030a53a14a8fdbb3fade7cac3d014ff78a4e0de500b4c0cf5154f"
  name = "github.com/spf13/cobra"
  packages = ["."]
  pruneopts = "UT"
  revision = "a684a6d7f5e37385d954dd3b5a14fc6912c6ab9d"
  version = "v1.0.0"

[[projects]]
  digest = "1:1b753ec16506f5864d26a28b43703c58831255059644351bbcb019b843950900"
  name = "github.com/spf13/jwalterweatherman"
  packages = ["."]
  pruneopts = "UT"
  revision = "94f6ae3ed3bceceafa716478c5fbf8d29ca601a1"
  version = "v1.1.0"

[[projects]]
  digest = "1:524b71991fc7d9246cc7dc2d9e0886ccb97648091c63e30eef619e6862c955dd"
  name = "github.com/spf13/pflag"
  packages = ["."]
  pruneopts = "UT"
  revision = "2e9d26c8c37aae03e3f9d4e90b7116f5accb7cab"
  version = "v1.0.5"

[[projects]]
  digest = "1:2b847e001d1c560af97042148c7e03b455b83cd8cb8ec1c9c786e289885ac089"
  name = "github.com/spf13/viper"
  packages = ["."]
  pruneopts = "UT"
  revision = "59b19175035095196a623aac8d0f5c83481f3d77"
  version = "v1.6.3"

[[projects]]
  digest = "1:ac83cf90d08b63ad5f7e020ef480d319ae890c208f8524622a2f3136e2686b02"
  name = "github.com/stretchr/objx"
  packages = ["."]
  pruneopts = "UT"
  revision = "477a77ecc69700c7cdeb1fa9e129548e1c1c393c"
  version = "v0.1.1"

[[projects]]
  digest = "1:ad527ce5c6b2426790449db7663fe53f8bb647f9387295406794c8be001238da"
  name = "github.com/stretchr/testify"
  packages = [
    "assert",
    "mock",
  ]
  pruneopts = "UT"
  revision = "221dbe5ed46703ee255b1da0dec05086f5035f62"
  version = "v1.4.0"

[[projects]]
  digest = "1:f4b32291cad5efac2bfdba89ccde6aa04618b62ce06c1a571da2dc4f3f2677fb"
  name = "github.com/subosito/gotenv"
  packages = ["."]
  pruneopts = "UT"
  revision = "2ef7124db659d49edac6aa459693a15ae36c671a"
  version = "v1.2.0"

[[projects]]
  branch = "master"
  digest = "1:39bf24df8417e1f70a8e22e8e955e9e8dddf38185077276f5aa8c73300852844"
  name = "github.com/timakin/bodyclose"
  packages = ["passes/bodyclose"]
  pruneopts = "UT"
  revision = "f7f2e9bca95e9160b6ee3160a1ef03a366765b56"

[[projects]]
  digest = "1:6e8ebf45f355dc83854e2febc0206f94ebfeb4becf7cf8d9107cf929b88e4e2f"
  name = "github.com/tommy-muehle/go-mnd"
  packages = [
    ".",
    "checks",
    "config",
  ]
  pruneopts = "UT"
  revision = "e6f9a994e8fa584dd3b88ab49b6c4c972240eb56"
  version = "v2.0.0"

[[projects]]
  digest = "1:34dc770fc8dfa53ca1328c71956929a81b493535924019d7dbee11c310179ca0"
  name = "github.com/ultraware/funlen"
  packages = ["."]
  pruneopts = "UT"
  revision = "c6efe6fe50717e77d4ccc4cdf3e99345e50341ad"
  version = "v0.0.2"

[[projects]]
  digest = "1:c8f511ab26bac722b7488e7c612428526820fef9b8f52f4c22aa7f4be97fb1cd"
  name = "github.com/ultraware/whitespace"
  packages = ["."]
  pruneopts = "UT"
  revision = "83a46e7e913269e68dc64d4d2db3f2c9fb0e1714"
  version = "v0.0.4"

[[projects]]
  digest = "1:14e9006722417ac9906ed08aae44250bb279e4fdaa94c7586ff14ab2d959fedf"
  name = "github.com/uudashr/gocognit"
  packages = ["."]
  pruneopts = "UT"
  revision = "9283ea9799230965e9e7209a90057bca0085240a"
  version = "v1.0.1"

[[projects]]
  branch = "master"
  digest = "1:ad2bf20798504fbde0c5bdf5ee83d3354fb101d32c5b2267f811c1958b91b0ab"
  name = "golang.org/x/crypto"
  packages = ["ssh/terminal"]
  pruneopts = "UT"
  revision = "1d94cc7ab1c630336ab82ccb9c9cda72a875c382"

[[projects]]
  digest = "1:467bb8fb8fa786448b8d486cd0bb7c1a5577dcd7310441aa02a20110cd9f727d"
  name = "golang.org/x/mod"
  packages = [
    "module",
    "semver",
  ]
  pruneopts = "UT"
  revision = "ed3ec21bb8e252814c380df79a80f366440ddb2d"
  version = "v0.2.0"

[[projects]]
  branch = "master"
  digest = "1:186c4ba7133ad9e5bfd0d9729abde490d6f3796cfe80ce74dcfd7b5b2753c264"
  name = "golang.org/x/net"
  packages = [
    "context",
    "context/ctxhttp",
    "html",
    "html/atom",
    "http/httpguts",
    "http2",
    "http2/hpack",
    "idna",
  ]
  pruneopts = "UT"
  revision = "16171245cfb220d5317888b716d69c1fb4e7992b"

[[projects]]
  branch = "master"
  digest = "1:911b45b658f5fab1a26259e2fd1085ab296f9d3e46117311d25f8dae51efe720"
  name = "golang.org/x/oauth2"
  packages = [
    ".",
    "internal",
  ]
  pruneopts = "UT"
  revision = "bf48bf16ab8d622ce64ec6ce98d2c98f916b6303"

[[projects]]
  branch = "master"
  digest = "1:cc2f66816d35b969d6c72e63fed6d1e01b4c4c7ab2cadf4cf68346869358670b"
  name = "golang.org/x/sys"
  packages = [
    "unix",
    "windows",
  ]
  pruneopts = "UT"
  revision = "12a6c2dcc1e4cb348b57847c73987099e261714b"

[[projects]]
  digest = "1:66a2f252a58b4fbbad0e4e180e1d85a83c222b6bce09c3dcdef3dc87c72eda7c"
  name = "golang.org/x/text"
  packages = [
    "collate",
    "collate/build",
    "internal/colltab",
    "internal/gen",
    "internal/language",
    "internal/language/compact",
    "internal/tag",
    "internal/triegen",
    "internal/ucd",
    "language",
    "secure/bidirule",
    "transform",
    "unicode/bidi",
    "unicode/cldr",
    "unicode/norm",
    "unicode/rangetable",
    "width",
  ]
  pruneopts = "UT"
  revision = "342b2e1fbaa52c93f31447ad2c6abc048c63e475"
  version = "v0.3.2"

[[projects]]
  branch = "master"
  digest = "1:a2f668c709f9078828e99cb1768cb02e876cb81030545046a32b54b2ac2a9ea8"
  name = "golang.org/x/time"
  packages = ["rate"]
  pruneopts = "UT"
  revision = "555d28b269f0569763d25dbe1a237ae74c6bcc82"

[[projects]]
  branch = "master"
  digest = "1:2e39d4e4906a2154037c729ca5ec7a0b64247fb87ffe0f6516225880ddf85385"
  name = "golang.org/x/tools"
  packages = [
    "go/analysis",
    "go/analysis/passes/asmdecl",
    "go/analysis/passes/assign",
    "go/analysis/passes/atomic",
    "go/analysis/passes/atomicalign",
    "go/analysis/passes/bools",
    "go/analysis/passes/buildssa",
    "go/analysis/passes/buildtag",
    "go/analysis/passes/cgocall",
    "go/analysis/passes/composite",
    "go/analysis/passes/copylock",
    "go/analysis/passes/ctrlflow",
    "go/analysis/passes/deepequalerrors",
    "go/analysis/passes/errorsas",
    "go/analysis/passes/findcall",
    "go/analysis/passes/httpresponse",
    "go/analysis/passes/inspect",
    "go/analysis/passes/internal/analysisutil",
    "go/analysis/passes/loopclosure",
    "go/analysis/passes/lostcancel",
    "go/analysis/passes/nilfunc",
    "go/analysis/passes/nilness",
    "go/analysis/passes/pkgfact",
    "go/analysis/passes/printf",
    "go/analysis/passes/shadow",
    "go/analysis/passes/shift",
    "go/analysis/passes/sortslice",
    "go/analysis/passes/stdmethods",
    "go/analysis/passes/structtag",
    "go/analysis/passes/testinggoroutine",
    "go/analysis/passes/tests",
    "go/analysis/passes/unmarshal",
    "go/analysis/passes/unreachable",
    "go/analysis/passes/unsafeptr",
    "go/analysis/passes/unusedresult",
    "go/ast/astutil",
    "go/ast/inspector",
    "go/buildutil",
    "go/cfg",
    "go/gcexportdata",
    "go/internal/cgo",
    "go/internal/gcimporter",
    "go/internal/packagesdriver",
    "go/loader",
    "go/packages",
    "go/ssa",
    "go/ssa/ssautil",
    "go/types/objectpath",
    "go/types/typeutil",
    "imports",
    "internal/analysisinternal",
    "internal/fastwalk",
    "internal/gocommand",
    "internal/gopathwalk",
    "internal/imports",
    "internal/packagesinternal",
    "internal/telemetry/event",
  ]
  pruneopts = "UT"
  revision = "3d37a677963775f298425e28f9ebc473003bee39"

[[projects]]
  branch = "master"
  digest = "1:918a46e4a2fb83df33f668f5a6bd51b2996775d073fce1800d3ec01b0a5ddd2b"
  name = "golang.org/x/xerrors"
  packages = [
    ".",
    "internal",
  ]
  pruneopts = "UT"
  revision = "9bdfabe68543c54f90421aeb9a60ef8061b5b544"

[[projects]]
  digest = "1:e0a1881f9e0564bebdeac98c75e59f07acdde6ed3a5396e0e613eaad31194866"
  name = "google.golang.org/appengine"
  packages = [
    "internal",
    "internal/base",
    "internal/datastore",
    "internal/log",
    "internal/remote_api",
    "internal/urlfetch",
    "urlfetch",
  ]
  pruneopts = "UT"
  revision = "971852bfffca25b069c31162ae8f247a3dba083b"
  version = "v1.6.5"

[[projects]]
  digest = "1:2d1fbdc6777e5408cabeb02bf336305e724b925ff4546ded0fa8715a7267922a"
  name = "gopkg.in/inf.v0"
  packages = ["."]
  pruneopts = "UT"
  revision = "d2d2541c53f18d2a059457998ce2876cc8e67cbf"
  version = "v0.9.1"

[[projects]]
  digest = "1:a064971c78455f088b48483cf48a61dbe2f173dc02043cf76a06e19acba3c5e4"
  name = "gopkg.in/ini.v1"
  packages = ["."]
  pruneopts = "UT"
  revision = "39bc4ddcb8b9d0100f7a040816380ccda878b94a"
  version = "v1.55.0"

[[projects]]
  digest = "1:55b110c99c5fdc4f14930747326acce56b52cfce60b24b1c03ef686ac0e46bb1"
  name = "gopkg.in/yaml.v2"
  packages = ["."]
  pruneopts = "UT"
  revision = "53403b58ad1b561927d19068c655246f2db79d48"
  version = "v2.2.8"

[[projects]]
  digest = "1:d2c29823a2f5c5e81a6ecf7d0cf66a3e47853691c54bfe4a490376d14dbf59dd"
  name = "honnef.co/go/tools"
  packages = [
    "arg",
    "code",
    "config",
    "deprecated",
    "edit",
    "facts",
    "functions",
    "go/types/typeutil",
    "internal/cache",
    "internal/passes/buildir",
    "internal/renameio",
    "internal/robustio",
    "internal/sharedcheck",
    "ir",
    "ir/irutil",
    "lint",
    "lint/lintdsl",
    "lint/lintutil",
    "lint/lintutil/format",
    "loader",
    "pattern",
    "printf",
    "report",
    "simple",
    "staticcheck",
    "stylecheck",
    "unused",
    "version",
  ]
  pruneopts = "UT"
  revision = "508b5eb18ee2f667ce06235ed383647038e2afc5"
  version = "2020.1.3"

[[projects]]
  digest = "1:86b38004415341a2f678a19f9312213bc851a3620bb42b3dca005c8ad0d3485c"
  name = "k8s.io/api"
  packages = [
    "admissionregistration/v1alpha1",
    "admissionregistration/v1beta1",
    "apps/v1",
    "apps/v1beta1",
    "apps/v1beta2",
    "auditregistration/v1alpha1",
    "authentication/v1",
    "authentication/v1beta1",
    "authorization/v1",
    "authorization/v1beta1",
    "autoscaling/v1",
    "autoscaling/v2beta1",
    "autoscaling/v2beta2",
    "batch/v1",
    "batch/v1beta1",
    "batch/v2alpha1",
    "certificates/v1beta1",
    "coordination/v1beta1",
    "core/v1",
    "events/v1beta1",
    "extensions/v1beta1",
    "networking/v1",
    "policy/v1beta1",
    "rbac/v1",
    "rbac/v1alpha1",
    "rbac/v1beta1",
    "scheduling/v1alpha1",
    "scheduling/v1beta1",
    "settings/v1alpha1",
    "storage/v1",
    "storage/v1alpha1",
    "storage/v1beta1",
  ]
  pruneopts = "UT"
  revision = "dacd7df5a50b93833c2a2c2f81348f910be8bfc7"
  version = "kubernetes-1.13.12"

[[projects]]
  branch = "master"
  digest = "1:a0ac3d2549ab736b793e58f479c4dddf78f0a462ac6d7c40ed47c7f7a901b6b3"
  name = "k8s.io/apiextensions-apiserver"
  packages = [
    "pkg/apis/apiextensions",
    "pkg/apis/apiextensions/v1beta1",
  ]
  pruneopts = "UT"
  revision = "2af94a2a482fcef53a8c24b7817ecb4ecdc450f8"

[[projects]]
  digest = "1:70b273d19f2ebc09e6689cf4c4dee6858cc247c24cba2d590ab1c298edfef687"
  name = "k8s.io/apimachinery"
  packages = [
    "pkg/api/errors",
    "pkg/api/meta",
    "pkg/api/resource",
    "pkg/apis/meta/internalversion",
    "pkg/apis/meta/v1",
    "pkg/apis/meta/v1/unstructured",
    "pkg/apis/meta/v1beta1",
    "pkg/conversion",
    "pkg/conversion/queryparams",
    "pkg/fields",
    "pkg/labels",
    "pkg/runtime",
    "pkg/runtime/schema",
    "pkg/runtime/serializer",
    "pkg/runtime/serializer/json",
    "pkg/runtime/serializer/protobuf",
    "pkg/runtime/serializer/recognizer",
    "pkg/runtime/serializer/streaming",
    "pkg/runtime/serializer/versioning",
    "pkg/selection",
    "pkg/types",
    "pkg/util/cache",
    "pkg/util/clock",
    "pkg/util/diff",
    "pkg/util/errors",
    "pkg/util/framer",
    "pkg/util/intstr",
    "pkg/util/json",
    "pkg/util/naming",
    "pkg/util/net",
    "pkg/util/runtime",
    "pkg/util/sets",
    "pkg/util/validation",
    "pkg/util/validation/field",
    "pkg/util/wait",
    "pkg/util/yaml",
    "pkg/version",
    "pkg/watch",
    "third_party/forked/golang/reflect",
  ]
  pruneopts = "UT"
  revision = "01f8b7d1121a34a7fc9f9c988f4f0b1f00fccb92"
  version = "kubernetes-1.13.12"

[[projects]]
  digest = "1:71b5e58afddb419ff132dea9a6ca0ad2f658ae9cc58ea1d64859b2b776a14821"
  name = "k8s.io/client-go"
  packages = [
    "discovery",
    "kubernetes",
    "kubernetes/scheme",
    "kubernetes/typed/admissionregistration/v1alpha1",
    "kubernetes/typed/admissionregistration/v1beta1",
    "kubernetes/typed/apps/v1",
    "kubernetes/typed/apps/v1beta1",
    "kubernetes/typed/apps/v1beta2",
    "kubernetes/typed/auditregistration/v1alpha1",
    "kubernetes/typed/authentication/v1",
    "kubernetes/typed/authentication/v1beta1",
    "kubernetes/typed/authorization/v1",
    "kubernetes/typed/authorization/v1beta1",
    "kubernetes/typed/autoscaling/v1",
    "kubernetes/typed/autoscaling/v2beta1",
    "kubernetes/typed/autoscaling/v2beta2",
    "kubernetes/typed/batch/v1",
    "kubernetes/typed/batch/v1beta1",
    "kubernetes/typed/batch/v2alpha1",
    "kubernetes/typed/certificates/v1beta1",
    "kubernetes/typed/coordination/v1beta1",
    "kubernetes/typed/core/v1",
    "kubernetes/typed/events/v1beta1",
    "kubernetes/typed/extensions/v1beta1",
    "kubernetes/typed/networking/v1",
    "kubernetes/typed/policy/v1beta1",
    "kubernetes/typed/rbac/v1",
    "kubernetes/typed/rbac/v1alpha1",
    "kubernetes/typed/rbac/v1beta1",
    "kubernetes/typed/scheduling/v1alpha1",
    "kubernetes/typed/scheduling/v1beta1",
    "kubernetes/typed/settings/v1alpha1",
    "kubernetes/typed/storage/v1",
    "kubernetes/typed/storage/v1alpha1",
    "kubernetes/typed/storage/v1beta1",
    "pkg/apis/clientauthentication",
    "pkg/apis/clientauthentication/v1alpha1",
    "pkg/apis/clientauthentication/v1beta1",
    "pkg/version",
    "plugin/pkg/client/auth/exec",
    "rest",
    "rest/watch",
    "tools/auth",
    "tools/cache",
    "tools/clientcmd",
    "tools/clientcmd/api",
    "tools/clientcmd/api/latest",
    "tools/clientcmd/api/v1",
    "tools/metrics",
    "tools/pager",
    "tools/reference",
    "transport",
    "util/buffer",
    "util/cert",
    "util/connrotation",
    "util/flowcontrol",
    "util/homedir",
    "util/integer",
    "util/retry",
  ]
  pruneopts = "UT"
  revision = "eb5b9a8cfde7614f750cd515d80a294314e4d70e"
  version = "kubernetes-1.13.12"

[[projects]]
  digest = "1:27827025d501583f280d749cbec9e7ce4e8e5326cae9eddaa40676bacad56aa4"
  name = "k8s.io/cluster-registry"
  packages = [
    "pkg/apis/clusterregistry/v1alpha1",
    "pkg/client/clientset/versioned",
    "pkg/client/clientset/versioned/scheme",
    "pkg/client/clientset/versioned/typed/clusterregistry/v1alpha1",
    "pkg/client/informers/externalversions",
    "pkg/client/informers/externalversions/clusterregistry",
    "pkg/client/informers/externalversions/clusterregistry/v1alpha1",
    "pkg/client/informers/externalversions/internalinterfaces",
    "pkg/client/listers/clusterregistry/v1alpha1",
  ]
  pruneopts = "UT"
  revision = "423735c7f10cbbc83ccee14d62b266ddcf9709dd"
  version = "v0.0.6"

[[projects]]
  digest = "1:93e82f25d75aba18436ad1ac042cb49493f096011f2541075721ed6f9e05c044"
  name = "k8s.io/klog"
  packages = ["."]
  pruneopts = "UT"
  revision = "2ca9ad30301bf30a8a6e0fa2110db6b8df699a91"
  version = "v1.0.0"

[[projects]]
  branch = "master"
  digest = "1:ef98efcb9462d27d251466fdc89656c5dbc28f4dc6b428a4270c3ba668ea412d"
  name = "mvdan.cc/interfacer"
  packages = ["check"]
  pruneopts = "UT"
  revision = "c20040233aedb03da82d460eca6130fcd91c629a"

[[projects]]
  branch = "master"
  digest = "1:521f15c98723cb42db85f5b83980ffa5f707ddaff12976a0d366e6a6cdd1f791"
  name = "mvdan.cc/lint"
  packages = ["."]
  pruneopts = "UT"
  revision = "adc824a0674b99099789b6188a058d485eaf61c0"

[[projects]]
  branch = "master"
  digest = "1:49663f044145c794116bde2cbcc8045164717b068a3194d26ae2243874de5994"
  name = "mvdan.cc/unparam"
  packages = ["check"]
  pruneopts = "UT"
  revision = "0ac8026f7d064766d7b775b7613104e23e4ad439"

[[projects]]
  digest = "1:68cd93696d4de06936c94bf0c510802140c2d3c956b557f3d001430d58cf676c"
  name = "sigs.k8s.io/controller-runtime"
  packages = [
    "pkg/runtime/scheme",
    "pkg/scheme",
  ]
  pruneopts = "UT"
  revision = "67ee49a35456387c35b01aaaf26a6add1fe49c32"
  version = "v0.5.2"

[[projects]]
  digest = "1:36d2b2cb1fa6e4a731e38c3582c203213cdbc52c5f202af07db6dc6eeaec88dc"
  name = "sigs.k8s.io/yaml"
  packages = ["."]
  pruneopts = "UT"
  revision = "9fc95527decd95bb9d28cc2eab08179b2d0f6971"
  version = "v1.2.0"

[[projects]]
  digest = "1:ffbeee69d5d01b594a4ca53e359861e3416c70bdbca8d423c72b815f470ecc49"
  name = "sourcegraph.com/sqs/pbtypes"
  packages = ["."]
  pruneopts = "UT"
  revision = "688c2c2cb411327a50aae0f89119af9f38b0fc03"
  version = "v1.0.0"

[solve-meta]
  analyzer-name = "dep"
  analyzer-version = 1
  input-imports = [
    "github.com/golang/glog",
    "github.com/golangci/golangci-lint/cmd/golangci-lint",
    "github.com/gomodule/redigo/redis",
    "github.com/gorilla/mux",
    "github.com/kennygrant/sanitize",
    "github.com/open-cluster-management/multicloud-operators-foundation/pkg/apis/mcm/v1alpha1",
    "github.com/open-cluster-management/multicloud-operators-foundation/pkg/client/clientset_generated/clientset",
    "github.com/openshift/hive/pkg/apis/hive/v1",
    "github.com/openshift/hive/pkg/client/clientset-generated/clientset",
    "github.com/redislabs/redisgraph-go",
    "github.com/stretchr/testify/assert",
    "k8s.io/api/batch/v1",
    "k8s.io/apimachinery/pkg/apis/meta/v1",
    "k8s.io/client-go/kubernetes",
    "k8s.io/client-go/rest",
    "k8s.io/client-go/tools/cache",
    "k8s.io/client-go/tools/clientcmd",
    "k8s.io/cluster-registry/pkg/apis/clusterregistry/v1alpha1",
    "k8s.io/cluster-registry/pkg/client/clientset/versioned",
    "k8s.io/cluster-registry/pkg/client/informers/externalversions",
  ]
  solver-name = "gps-cdcl"
  solver-version = 1
